
Microsoft Visual Studio Solution File, Format Version 12.00
# Visual Studio 15
VisualStudioVersion = 15.0.26430.6
MinimumVisualStudioVersion = 10.0.40219.1
Project("{FAE04EC0-301F-11D3-BF4B-00C04F79EFBC}") = "TravelAgency", "TravelAgency\TravelAgency.csproj", "{65249A73-3BB8-4B0E-8627-BB8929363C4B}"
EndProject
Project("{FAE04EC0-301F-11D3-BF4B-00C04F79EFBC}") = "TravelAgencyTests", "TravelAgencyTests\TravelAgencyTests.csproj", "{ECAF7CB7-3253-4D0D-B798-97C5A11253B3}"
EndProject
Global
	GlobalSection(SolutionConfigurationPlatforms) = preSolution
		Debug|Any CPU = Debug|Any CPU
		Release|Any CPU = Release|Any CPU
	EndGlobalSection
	GlobalSection(ProjectConfigurationPlatforms) = postSolution
		{65249A73-3BB8-4B0E-8627-BB8929363C4B}.Debug|Any CPU.ActiveCfg = Debug|Any CPU
		{65249A73-3BB8-4B0E-8627-BB8929363C4B}.Debug|Any CPU.Build.0 = Debug|Any CPU
		{65249A73-3BB8-4B0E-8627-BB8929363C4B}.Release|Any CPU.ActiveCfg = Release|Any CPU
		{65249A73-3BB8-4B0E-8627-BB8929363C4B}.Release|Any CPU.Build.0 = Release|Any CPU
		{ECAF7CB7-3253-4D0D-B798-97C5A11253B3}.Debug|Any CPU.ActiveCfg = Debug|Any CPU
		{ECAF7CB7-3253-4D0D-B798-97C5A11253B3}.Debug|Any CPU.Build.0 = Debug|Any CPU
		{ECAF7CB7-3253-4D0D-B798-97C5A11253B3}.Release|Any CPU.ActiveCfg = Release|Any CPU
		{ECAF7CB7-3253-4D0D-B798-97C5A11253B3}.Release|Any CPU.Build.0 = Release|Any CPU
	EndGlobalSection
	GlobalSection(SolutionProperties) = preSolution
		HideSolutionNode = FALSE
	EndGlobalSection
EndGlobal
